
Microsoft Visual Studio Solution File, Format Version 12.00
# Visual Studio Version 16
VisualStudioVersion = 16.0.29728.190
MinimumVisualStudioVersion = 10.0.40219.1
Project("{FAE04EC0-301F-11D3-BF4B-00C04F79EFBC}") = "HackerrankChallenges", "HackerrankChallenges\HackerrankChallenges.csproj", "{05BAFD9B-7D20-473A-8525-91A97B6C90D7}"
EndProject
Global
	GlobalSection(SolutionConfigurationPlatforms) = preSolution
		Debug|Any CPU = Debug|Any CPU
		Release|Any CPU = Release|Any CPU
	EndGlobalSection
	GlobalSection(ProjectConfigurationPlatforms) = postSolution
		{05BAFD9B-7D20-473A-8525-91A97B6C90D7}.Debug|Any CPU.ActiveCfg = Debug|Any CPU
		{05BAFD9B-7D20-473A-8525-91A97B6C90D7}.Debug|Any CPU.Build.0 = Debug|Any CPU
		{05BAFD9B-7D20-473A-8525-91A97B6C90D7}.Release|Any CPU.ActiveCfg = Release|Any CPU
		{05BAFD9B-7D20-473A-8525-91A97B6C90D7}.Release|Any CPU.Build.0 = Release|Any CPU
	EndGlobalSection
	GlobalSection(SolutionProperties) = preSolution
		HideSolutionNode = FALSE
	EndGlobalSection
	GlobalSection(ExtensibilityGlobals) = postSolution
		SolutionGuid = {040063B9-B629-4441-9E05-987E71FB7662}
	EndGlobalSection
EndGlobal
